# This file is automatically @generated by Cargo.
# It is not intended for manual editing.
version = 3

[[package]]
name = "anyhow"
version = "1.0.71"
source = "registry+https://github.com/rust-lang/crates.io-index"
checksum = "9c7d0618f0e0b7e8ff11427422b64564d5fb0be1940354bfe2e0529b18a9d9b8"

[[package]]
name = "memchr"
version = "2.5.0"
source = "registry+https://github.com/rust-lang/crates.io-index"
checksum = "2dffe52ecf27772e601905b7522cb4ef790d2cc203488bbd0e2fe85fcb74566d"

[[package]]
name = "ol"
version = "0.1.0"
dependencies = [
 "anyhow",
 "winnow",
]

[[package]]
name = "winnow"
version = "0.4.4"
source = "registry+https://github.com/rust-lang/crates.io-index"
checksum = "5617da7e1f97bf363947d767b91aaf3c2bbc19db7fda9c65af1278713d58e0a2"
dependencies = [
 "memchr",
]
